
Microsoft Visual Studio Solution File, Format Version 12.00
# Visual Studio Version 16
VisualStudioVersion = 16.0.30907.101
MinimumVisualStudioVersion = 10.0.40219.1
Project("{9A19103F-16F7-4668-BE54-9A1E7A4F7556}") = "FHIRDL", "FHIRDL.csproj", "{7FB6092C-F371-41D7-BED7-B0A3CF35F13D}"
EndProject
Global
	GlobalSection(SolutionConfigurationPlatforms) = preSolution
		Debug|Any CPU = Debug|Any CPU
		Release|Any CPU = Release|Any CPU
	EndGlobalSection
	GlobalSection(ProjectConfigurationPlatforms) = postSolution
		{7FB6092C-F371-41D7-BED7-B0A3CF35F13D}.Debug|Any CPU.ActiveCfg = Debug|Any CPU
		{7FB6092C-F371-41D7-BED7-B0A3CF35F13D}.Debug|Any CPU.Build.0 = Debug|Any CPU
		{7FB6092C-F371-41D7-BED7-B0A3CF35F13D}.Release|Any CPU.ActiveCfg = Release|Any CPU
		{7FB6092C-F371-41D7-BED7-B0A3CF35F13D}.Release|Any CPU.Build.0 = Release|Any CPU
	EndGlobalSection
	GlobalSection(SolutionProperties) = preSolution
		HideSolutionNode = FALSE
	EndGlobalSection
	GlobalSection(ExtensibilityGlobals) = postSolution
		SolutionGuid = {C23A9205-2D3D-4D46-8CB2-F9A2F05F6A32}
	EndGlobalSection
EndGlobal
