
Microsoft Visual Studio Solution File, Format Version 12.00
# Visual Studio Version 16
VisualStudioVersion = 16.0.30011.22
MinimumVisualStudioVersion = 10.0.40219.1
Project("{9A19103F-16F7-4668-BE54-9A1E7A4F7556}") = "FHIRDashboard", "FHIRDashboard.csproj", "{1F518C41-F419-4A53-B03D-B3AF7BD703D4}"
EndProject
Global
	GlobalSection(SolutionConfigurationPlatforms) = preSolution
		Debug|Any CPU = Debug|Any CPU
		Release|Any CPU = Release|Any CPU
	EndGlobalSection
	GlobalSection(ProjectConfigurationPlatforms) = postSolution
		{1F518C41-F419-4A53-B03D-B3AF7BD703D4}.Debug|Any CPU.ActiveCfg = Debug|Any CPU
		{1F518C41-F419-4A53-B03D-B3AF7BD703D4}.Debug|Any CPU.Build.0 = Debug|Any CPU
		{1F518C41-F419-4A53-B03D-B3AF7BD703D4}.Release|Any CPU.ActiveCfg = Release|Any CPU
		{1F518C41-F419-4A53-B03D-B3AF7BD703D4}.Release|Any CPU.Build.0 = Release|Any CPU
	EndGlobalSection
	GlobalSection(SolutionProperties) = preSolution
		HideSolutionNode = FALSE
	EndGlobalSection
	GlobalSection(ExtensibilityGlobals) = postSolution
		SolutionGuid = {92D9B598-831C-4906-A036-C375E9249946}
	EndGlobalSection
EndGlobal
